
Microsoft Visual Studio Solution File, Format Version 12.00
# Visual Studio Version 16
VisualStudioVersion = 16.0.30804.86
MinimumVisualStudioVersion = 10.0.40219.1
Project("{FAE04EC0-301F-11D3-BF4B-00C04F79EFBC}") = "1. Singleton", "1. Singleton\1. Singleton.csproj", "{AE34A4CB-3452-42B7-9AEB-467C8937BD8D}"
EndProject
Project("{FAE04EC0-301F-11D3-BF4B-00C04F79EFBC}") = "2. Facade", "2. Facade\2. Facade.csproj", "{7C6C3312-1B99-4F6D-A0C5-CB0E782C9FA8}"
EndProject
Project("{FAE04EC0-301F-11D3-BF4B-00C04F79EFBC}") = "3. Command Pattern", "3. Command Pattern\3. Command Pattern.csproj", "{7FEB5B93-B8BB-4ACC-9A41-FC21C855F75D}"
EndProject
Global
	GlobalSection(SolutionConfigurationPlatforms) = preSolution
		Debug|Any CPU = Debug|Any CPU
		Release|Any CPU = Release|Any CPU
	EndGlobalSection
	GlobalSection(ProjectConfigurationPlatforms) = postSolution
		{AE34A4CB-3452-42B7-9AEB-467C8937BD8D}.Debug|Any CPU.ActiveCfg = Debug|Any CPU
		{AE34A4CB-3452-42B7-9AEB-467C8937BD8D}.Debug|Any CPU.Build.0 = Debug|Any CPU
		{AE34A4CB-3452-42B7-9AEB-467C8937BD8D}.Release|Any CPU.ActiveCfg = Release|Any CPU
		{AE34A4CB-3452-42B7-9AEB-467C8937BD8D}.Release|Any CPU.Build.0 = Release|Any CPU
		{7C6C3312-1B99-4F6D-A0C5-CB0E782C9FA8}.Debug|Any CPU.ActiveCfg = Debug|Any CPU
		{7C6C3312-1B99-4F6D-A0C5-CB0E782C9FA8}.Debug|Any CPU.Build.0 = Debug|Any CPU
		{7C6C3312-1B99-4F6D-A0C5-CB0E782C9FA8}.Release|Any CPU.ActiveCfg = Release|Any CPU
		{7C6C3312-1B99-4F6D-A0C5-CB0E782C9FA8}.Release|Any CPU.Build.0 = Release|Any CPU
		{7FEB5B93-B8BB-4ACC-9A41-FC21C855F75D}.Debug|Any CPU.ActiveCfg = Debug|Any CPU
		{7FEB5B93-B8BB-4ACC-9A41-FC21C855F75D}.Debug|Any CPU.Build.0 = Debug|Any CPU
		{7FEB5B93-B8BB-4ACC-9A41-FC21C855F75D}.Release|Any CPU.ActiveCfg = Release|Any CPU
		{7FEB5B93-B8BB-4ACC-9A41-FC21C855F75D}.Release|Any CPU.Build.0 = Release|Any CPU
	EndGlobalSection
	GlobalSection(SolutionProperties) = preSolution
		HideSolutionNode = FALSE
	EndGlobalSection
	GlobalSection(ExtensibilityGlobals) = postSolution
		SolutionGuid = {F2C0CF4B-DF55-4E5C-B3EA-9C7EDA4C0C71}
	EndGlobalSection
EndGlobal
